
Microsoft Visual Studio Solution File, Format Version 12.00
# Visual Studio 15
Project("{FAE04EC0-301F-11D3-BF4B-00C04F79EFBC}") = "Assembly-CSharp", "Assembly-CSharp.csproj", "{4D65D9F9-C338-C3F4-8491-C7D92D26D8CC}"
EndProject
Global
	GlobalSection(SolutionConfigurationPlatforms) = preSolution
		Debug|Any CPU = Debug|Any CPU
		Release|Any CPU = Release|Any CPU
	EndGlobalSection
	GlobalSection(ProjectConfigurationPlatforms) = postSolution
		{4D65D9F9-C338-C3F4-8491-C7D92D26D8CC}.Debug|Any CPU.ActiveCfg = Debug|Any CPU
		{4D65D9F9-C338-C3F4-8491-C7D92D26D8CC}.Debug|Any CPU.Build.0 = Debug|Any CPU
		{4D65D9F9-C338-C3F4-8491-C7D92D26D8CC}.Release|Any CPU.ActiveCfg = Release|Any CPU
		{4D65D9F9-C338-C3F4-8491-C7D92D26D8CC}.Release|Any CPU.Build.0 = Release|Any CPU
	EndGlobalSection
	GlobalSection(SolutionProperties) = preSolution
		HideSolutionNode = FALSE
	EndGlobalSection
EndGlobal
